
Microsoft Visual Studio Solution File, Format Version 12.00
# Visual Studio Version 17
VisualStudioVersion = 17.5.33502.453
MinimumVisualStudioVersion = 10.0.40219.1
Project("{FAE04EC0-301F-11D3-BF4B-00C04F79EFBC}") = "Clase5", "Clase5\Clase5.csproj", "{88D74FC5-717E-40E2-BEE2-26775D6FE32C}"
EndProject
Global
	GlobalSection(SolutionConfigurationPlatforms) = preSolution
		Debug|Any CPU = Debug|Any CPU
		Release|Any CPU = Release|Any CPU
	EndGlobalSection
	GlobalSection(ProjectConfigurationPlatforms) = postSolution
		{88D74FC5-717E-40E2-BEE2-26775D6FE32C}.Debug|Any CPU.ActiveCfg = Debug|Any CPU
		{88D74FC5-717E-40E2-BEE2-26775D6FE32C}.Debug|Any CPU.Build.0 = Debug|Any CPU
		{88D74FC5-717E-40E2-BEE2-26775D6FE32C}.Release|Any CPU.ActiveCfg = Release|Any CPU
		{88D74FC5-717E-40E2-BEE2-26775D6FE32C}.Release|Any CPU.Build.0 = Release|Any CPU
	EndGlobalSection
	GlobalSection(SolutionProperties) = preSolution
		HideSolutionNode = FALSE
	EndGlobalSection
	GlobalSection(ExtensibilityGlobals) = postSolution
		SolutionGuid = {522BBDED-07D0-473E-A450-42C6F0A88390}
	EndGlobalSection
EndGlobal
