
Microsoft Visual Studio Solution File, Format Version 12.00
# Visual Studio Version 17
VisualStudioVersion = 17.3.32825.248
MinimumVisualStudioVersion = 10.0.40219.1
Project("{FAE04EC0-301F-11D3-BF4B-00C04F79EFBC}") = "TP1_POO_Colombano", "TP1_POO_Colombano.csproj", "{46E1E5F9-DFDF-475C-85D1-A3FB3FB82FF7}"
EndProject
Global
	GlobalSection(SolutionConfigurationPlatforms) = preSolution
		Debug|Any CPU = Debug|Any CPU
		Release|Any CPU = Release|Any CPU
	EndGlobalSection
	GlobalSection(ProjectConfigurationPlatforms) = postSolution
		{46E1E5F9-DFDF-475C-85D1-A3FB3FB82FF7}.Debug|Any CPU.ActiveCfg = Debug|Any CPU
		{46E1E5F9-DFDF-475C-85D1-A3FB3FB82FF7}.Debug|Any CPU.Build.0 = Debug|Any CPU
		{46E1E5F9-DFDF-475C-85D1-A3FB3FB82FF7}.Release|Any CPU.ActiveCfg = Release|Any CPU
		{46E1E5F9-DFDF-475C-85D1-A3FB3FB82FF7}.Release|Any CPU.Build.0 = Release|Any CPU
	EndGlobalSection
	GlobalSection(SolutionProperties) = preSolution
		HideSolutionNode = FALSE
	EndGlobalSection
	GlobalSection(ExtensibilityGlobals) = postSolution
		SolutionGuid = {786AE8CC-76A4-4C79-B22B-985634770C34}
	EndGlobalSection
EndGlobal
