
Microsoft Visual Studio Solution File, Format Version 12.00
# Visual Studio Version 17
VisualStudioVersion = 17.3.32825.248
MinimumVisualStudioVersion = 10.0.40219.1
Project("{FAE04EC0-301F-11D3-BF4B-00C04F79EFBC}") = "Extra_Forms_ObjetosyClases_Ej1", "Extra_Forms_ObjetosyClases_Ej1.csproj", "{F92F9D74-5475-4FEF-A646-E1050E2A1621}"
EndProject
Global
	GlobalSection(SolutionConfigurationPlatforms) = preSolution
		Debug|Any CPU = Debug|Any CPU
		Release|Any CPU = Release|Any CPU
	EndGlobalSection
	GlobalSection(ProjectConfigurationPlatforms) = postSolution
		{F92F9D74-5475-4FEF-A646-E1050E2A1621}.Debug|Any CPU.ActiveCfg = Debug|Any CPU
		{F92F9D74-5475-4FEF-A646-E1050E2A1621}.Debug|Any CPU.Build.0 = Debug|Any CPU
		{F92F9D74-5475-4FEF-A646-E1050E2A1621}.Release|Any CPU.ActiveCfg = Release|Any CPU
		{F92F9D74-5475-4FEF-A646-E1050E2A1621}.Release|Any CPU.Build.0 = Release|Any CPU
	EndGlobalSection
	GlobalSection(SolutionProperties) = preSolution
		HideSolutionNode = FALSE
	EndGlobalSection
	GlobalSection(ExtensibilityGlobals) = postSolution
		SolutionGuid = {90242EBF-C98A-4C2E-96D9-EC47A08DBB79}
	EndGlobalSection
EndGlobal
