
Microsoft Visual Studio Solution File, Format Version 12.00
# Visual Studio Version 17
VisualStudioVersion = 17.5.33502.453
MinimumVisualStudioVersion = 10.0.40219.1
Project("{FAE04EC0-301F-11D3-BF4B-00C04F79EFBC}") = "Caja_de_Ahorro", "Caja_de_Ahorro\Caja_de_Ahorro.csproj", "{CD149FA3-7474-46CD-81B4-20DFBE6401AF}"
EndProject
Global
	GlobalSection(SolutionConfigurationPlatforms) = preSolution
		Debug|Any CPU = Debug|Any CPU
		Release|Any CPU = Release|Any CPU
	EndGlobalSection
	GlobalSection(ProjectConfigurationPlatforms) = postSolution
		{CD149FA3-7474-46CD-81B4-20DFBE6401AF}.Debug|Any CPU.ActiveCfg = Debug|Any CPU
		{CD149FA3-7474-46CD-81B4-20DFBE6401AF}.Debug|Any CPU.Build.0 = Debug|Any CPU
		{CD149FA3-7474-46CD-81B4-20DFBE6401AF}.Release|Any CPU.ActiveCfg = Release|Any CPU
		{CD149FA3-7474-46CD-81B4-20DFBE6401AF}.Release|Any CPU.Build.0 = Release|Any CPU
	EndGlobalSection
	GlobalSection(SolutionProperties) = preSolution
		HideSolutionNode = FALSE
	EndGlobalSection
	GlobalSection(ExtensibilityGlobals) = postSolution
		SolutionGuid = {AB5C2A7C-88A5-4CF3-9B82-5FF0FBC0C1B8}
	EndGlobalSection
EndGlobal
