
Microsoft Visual Studio Solution File, Format Version 12.00
# Visual Studio Version 17
VisualStudioVersion = 17.5.33502.453
MinimumVisualStudioVersion = 10.0.40219.1
Project("{FAE04EC0-301F-11D3-BF4B-00C04F79EFBC}") = "Clase6_Ejemplo_Pasajero", "Clase6_Ejemplo_Pasajero\Clase6_Ejemplo_Pasajero.csproj", "{D6CC13F3-713F-4002-ADC5-C1CFFBC3B98A}"
EndProject
Global
	GlobalSection(SolutionConfigurationPlatforms) = preSolution
		Debug|Any CPU = Debug|Any CPU
		Release|Any CPU = Release|Any CPU
	EndGlobalSection
	GlobalSection(ProjectConfigurationPlatforms) = postSolution
		{D6CC13F3-713F-4002-ADC5-C1CFFBC3B98A}.Debug|Any CPU.ActiveCfg = Debug|Any CPU
		{D6CC13F3-713F-4002-ADC5-C1CFFBC3B98A}.Debug|Any CPU.Build.0 = Debug|Any CPU
		{D6CC13F3-713F-4002-ADC5-C1CFFBC3B98A}.Release|Any CPU.ActiveCfg = Release|Any CPU
		{D6CC13F3-713F-4002-ADC5-C1CFFBC3B98A}.Release|Any CPU.Build.0 = Release|Any CPU
	EndGlobalSection
	GlobalSection(SolutionProperties) = preSolution
		HideSolutionNode = FALSE
	EndGlobalSection
	GlobalSection(ExtensibilityGlobals) = postSolution
		SolutionGuid = {31F266F1-940C-404A-97F3-F5C5D5A0333B}
	EndGlobalSection
EndGlobal
